
Microsoft Visual Studio Solution File, Format Version 12.00
# Visual Studio Version 17
VisualStudioVersion = 17.9.34902.65
MinimumVisualStudioVersion = 10.0.40219.1
Project("{9A19103F-16F7-4668-BE54-9A1E7A4F7556}") = "BLE.Client.Maui", "BLE.Client.Maui.csproj", "{F4CC94BF-1CA1-4B97-B4A3-F2AC0079AA78}"
EndProject
Global
	GlobalSection(SolutionConfigurationPlatforms) = preSolution
		Debug|Any CPU = Debug|Any CPU
		Release|Any CPU = Release|Any CPU
	EndGlobalSection
	GlobalSection(ProjectConfigurationPlatforms) = postSolution
		{F4CC94BF-1CA1-4B97-B4A3-F2AC0079AA78}.Debug|Any CPU.ActiveCfg = Debug|Any CPU
		{F4CC94BF-1CA1-4B97-B4A3-F2AC0079AA78}.Debug|Any CPU.Build.0 = Debug|Any CPU
		{F4CC94BF-1CA1-4B97-B4A3-F2AC0079AA78}.Debug|Any CPU.Deploy.0 = Debug|Any CPU
		{F4CC94BF-1CA1-4B97-B4A3-F2AC0079AA78}.Release|Any CPU.ActiveCfg = Release|Any CPU
		{F4CC94BF-1CA1-4B97-B4A3-F2AC0079AA78}.Release|Any CPU.Build.0 = Release|Any CPU
		{F4CC94BF-1CA1-4B97-B4A3-F2AC0079AA78}.Release|Any CPU.Deploy.0 = Release|Any CPU
	EndGlobalSection
	GlobalSection(SolutionProperties) = preSolution
		HideSolutionNode = FALSE
	EndGlobalSection
	GlobalSection(ExtensibilityGlobals) = postSolution
		SolutionGuid = {9CA53DEA-CF6F-4159-9C2A-7B79B6D219B3}
	EndGlobalSection
EndGlobal
